{
  "name": "@reaction-eslint/eslint-config-server",
  "version": "0.0.2",
  "lockfileVersion": 1,
  "requires": true,
  "dependencies": {
    "eslint-plugin-chai-expect": {
      "version": "3.0.0",
      "resolved": "https://registry.npmjs.org/eslint-plugin-chai-expect/-/eslint-plugin-chai-expect-3.0.0.tgz",
      "integrity": "sha512-NS0YBcToJl+BRKBSMCwRs/oHJIX67fG5Gvb4tGked+9Wnd1/PzKijd82B2QVKcSSOwRe+pp4RAJ2AULeck4eQw=="
    },
    "eslint-plugin-chai-friendly": {
      "version": "0.7.2",
      "resolved": "https://registry.npmjs.org/eslint-plugin-chai-friendly/-/eslint-plugin-chai-friendly-0.7.2.tgz",
      "integrity": "sha512-LOIfGx5sZZ5FwM1shr2GlYAWV9Omdi+1/3byuVagvQNoGUuU0iHhp7AfjA1uR+4dJ4Isfb4+FwBJgQajIw9iAg=="
    },
    "eslint-plugin-filenames": {
      "version": "1.3.2",
      "resolved": "https://registry.npmjs.org/eslint-plugin-filenames/-/eslint-plugin-filenames-1.3.2.tgz",
      "integrity": "sha512-tqxJTiEM5a0JmRCUYQmxw23vtTxrb2+a3Q2mMOPhFxvt7ZQQJmdiuMby9B/vUAuVMghyP7oET+nIf6EO6CBd/w==",
      "requires": {
        "lodash.camelcase": "4.3.0",
        "lodash.kebabcase": "4.1.1",
        "lodash.snakecase": "4.1.1",
        "lodash.upperfirst": "4.3.1"
      }
    },
    "eslint-plugin-mocha": {
      "version": "10.0.4",
      "resolved": "https://registry.npmjs.org/eslint-plugin-mocha/-/eslint-plugin-mocha-10.0.4.tgz",
      "integrity": "sha512-8wzAeepVY027oBHz/TmBmUr7vhVqoC1KTFeDybFLhbaWKx+aQ7fJJVuUsqcUy+L+G+XvgQBJY+cbAf7hl5DF7Q==",
      "requires": {
        "eslint-utils": "^3.0.0",
        "ramda": "^0.28.0"
      }
    },
    "eslint-utils": {
      "version": "3.0.0",
      "resolved": "https://registry.npmjs.org/eslint-utils/-/eslint-utils-3.0.0.tgz",
      "integrity": "sha512-uuQC43IGctw68pJA1RgbQS8/NP7rch6Cwd4j3ZBtgo4/8Flj4eGE7ZYSZRN3iq5pVUv6GPdW5Z1RFleo84uLDA==",
      "requires": {
        "eslint-visitor-keys": "^2.0.0"
      }
    },
    "eslint-visitor-keys": {
      "version": "2.1.0",
      "resolved": "https://registry.npmjs.org/eslint-visitor-keys/-/eslint-visitor-keys-2.1.0.tgz",
      "integrity": "sha512-0rSmRBzXgDzIsD6mGdJgevzgezI534Cer5L/vyMX0kHzT/jiB43jRhd9YUlMGYLQy2zprNmoT8qasCGtY+QaKw=="
    },
    "lodash.camelcase": {
      "version": "4.3.0",
      "resolved": "https://registry.npmjs.org/lodash.camelcase/-/lodash.camelcase-4.3.0.tgz",
      "integrity": "sha1-soqmKIorn8ZRA1x3EfZathkDMaY="
    },
    "lodash.kebabcase": {
      "version": "4.1.1",
      "resolved": "https://registry.npmjs.org/lodash.kebabcase/-/lodash.kebabcase-4.1.1.tgz",
      "integrity": "sha1-hImxyw0p/4gZXM7KRI/21swpXDY="
    },
    "lodash.snakecase": {
      "version": "4.1.1",
      "resolved": "https://registry.npmjs.org/lodash.snakecase/-/lodash.snakecase-4.1.1.tgz",
      "integrity": "sha1-OdcUo1NXFHg3rv1ktdy7Fr7Nj40="
    },
    "lodash.upperfirst": {
      "version": "4.3.1",
      "resolved": "https://registry.npmjs.org/lodash.upperfirst/-/lodash.upperfirst-4.3.1.tgz",
      "integrity": "sha1-E2Xt9DFIBIHvDRxolXpe2Z1J984="
    },
    "ramda": {
      "version": "0.28.0",
      "resolved": "https://registry.npmjs.org/ramda/-/ramda-0.28.0.tgz",
      "integrity": "sha512-9QnLuG/kPVgWvMQ4aODhsBUFKOUmnbUnsSXACv+NCQZcHbeb+v8Lodp8OVxtRULN1/xOyYLLaL6npE6dMq5QTA=="
    }
  }
}
